
Microsoft Visual Studio Solution File, Format Version 12.00
# Visual Studio Version 16
VisualStudioVersion = 16.0.31829.152
MinimumVisualStudioVersion = 10.0.40219.1
Project("{FAE04EC0-301F-11D3-BF4B-00C04F79EFBC}") = "Animals", "Animals\Animals.csproj", "{43EFEF03-BC44-4B60-8779-3F8D1623C4C2}"
EndProject
Global
	GlobalSection(SolutionConfigurationPlatforms) = preSolution
		Debug|Any CPU = Debug|Any CPU
		Release|Any CPU = Release|Any CPU
	EndGlobalSection
	GlobalSection(ProjectConfigurationPlatforms) = postSolution
		{43EFEF03-BC44-4B60-8779-3F8D1623C4C2}.Debug|Any CPU.ActiveCfg = Debug|Any CPU
		{43EFEF03-BC44-4B60-8779-3F8D1623C4C2}.Debug|Any CPU.Build.0 = Debug|Any CPU
		{43EFEF03-BC44-4B60-8779-3F8D1623C4C2}.Release|Any CPU.ActiveCfg = Release|Any CPU
		{43EFEF03-BC44-4B60-8779-3F8D1623C4C2}.Release|Any CPU.Build.0 = Release|Any CPU
	EndGlobalSection
	GlobalSection(SolutionProperties) = preSolution
		HideSolutionNode = FALSE
	EndGlobalSection
	GlobalSection(ExtensibilityGlobals) = postSolution
		SolutionGuid = {54976EF5-B5FA-4CE7-ACB7-7F409BF27838}
	EndGlobalSection
EndGlobal
